
Microsoft Visual Studio Solution File, Format Version 12.00
# Visual Studio 14
VisualStudioVersion = 14.0.25420.1
MinimumVisualStudioVersion = 10.0.40219.1
Project("{FAE04EC0-301F-11D3-BF4B-00C04F79EFBC}") = "HW_06_1447544", "HW_06_1447544\HW_06_1447544.csproj", "{A816B881-EDCF-425B-9D8C-55E346F487D6}"
EndProject
Global
	GlobalSection(SolutionConfigurationPlatforms) = preSolution
		Debug|Any CPU = Debug|Any CPU
		Release|Any CPU = Release|Any CPU
	EndGlobalSection
	GlobalSection(ProjectConfigurationPlatforms) = postSolution
		{A816B881-EDCF-425B-9D8C-55E346F487D6}.Debug|Any CPU.ActiveCfg = Debug|Any CPU
		{A816B881-EDCF-425B-9D8C-55E346F487D6}.Debug|Any CPU.Build.0 = Debug|Any CPU
		{A816B881-EDCF-425B-9D8C-55E346F487D6}.Release|Any CPU.ActiveCfg = Release|Any CPU
		{A816B881-EDCF-425B-9D8C-55E346F487D6}.Release|Any CPU.Build.0 = Release|Any CPU
	EndGlobalSection
	GlobalSection(SolutionProperties) = preSolution
		HideSolutionNode = FALSE
	EndGlobalSection
EndGlobal
