
Microsoft Visual Studio Solution File, Format Version 12.00
# Visual Studio 14
VisualStudioVersion = 14.0.25420.1
MinimumVisualStudioVersion = 10.0.40219.1
Project("{FAE04EC0-301F-11D3-BF4B-00C04F79EFBC}") = "HW07_VidyaPraveen_1447544", "HW07_VidyaPraveen_1447544\HW07_VidyaPraveen_1447544.csproj", "{315BD1E2-1390-4090-ADE5-917EA8F1D4E6}"
EndProject
Global
	GlobalSection(SolutionConfigurationPlatforms) = preSolution
		Debug|Any CPU = Debug|Any CPU
		Release|Any CPU = Release|Any CPU
	EndGlobalSection
	GlobalSection(ProjectConfigurationPlatforms) = postSolution
		{315BD1E2-1390-4090-ADE5-917EA8F1D4E6}.Debug|Any CPU.ActiveCfg = Debug|Any CPU
		{315BD1E2-1390-4090-ADE5-917EA8F1D4E6}.Debug|Any CPU.Build.0 = Debug|Any CPU
		{315BD1E2-1390-4090-ADE5-917EA8F1D4E6}.Release|Any CPU.ActiveCfg = Release|Any CPU
		{315BD1E2-1390-4090-ADE5-917EA8F1D4E6}.Release|Any CPU.Build.0 = Release|Any CPU
	EndGlobalSection
	GlobalSection(SolutionProperties) = preSolution
		HideSolutionNode = FALSE
	EndGlobalSection
EndGlobal
